
Microsoft Visual Studio Solution File, Format Version 12.00
# Visual Studio Version 17
VisualStudioVersion = 17.9.34728.123
MinimumVisualStudioVersion = 10.0.40219.1
Project("{FAE04EC0-301F-11D3-BF4B-00C04F79EFBC}") = "Mini App", "Mini App\Mini App.csproj", "{FDB4F479-B1EF-459D-8C96-834EF4F7193B}"
EndProject
Global
	GlobalSection(SolutionConfigurationPlatforms) = preSolution
		Debug|Any CPU = Debug|Any CPU
		Release|Any CPU = Release|Any CPU
	EndGlobalSection
	GlobalSection(ProjectConfigurationPlatforms) = postSolution
		{FDB4F479-B1EF-459D-8C96-834EF4F7193B}.Debug|Any CPU.ActiveCfg = Debug|Any CPU
		{FDB4F479-B1EF-459D-8C96-834EF4F7193B}.Debug|Any CPU.Build.0 = Debug|Any CPU
		{FDB4F479-B1EF-459D-8C96-834EF4F7193B}.Debug|Any CPU.Deploy.0 = Debug|Any CPU
		{FDB4F479-B1EF-459D-8C96-834EF4F7193B}.Release|Any CPU.ActiveCfg = Release|Any CPU
		{FDB4F479-B1EF-459D-8C96-834EF4F7193B}.Release|Any CPU.Build.0 = Release|Any CPU
		{FDB4F479-B1EF-459D-8C96-834EF4F7193B}.Release|Any CPU.Deploy.0 = Release|Any CPU
	EndGlobalSection
	GlobalSection(SolutionProperties) = preSolution
		HideSolutionNode = FALSE
	EndGlobalSection
	GlobalSection(ExtensibilityGlobals) = postSolution
		SolutionGuid = {39A9BD2E-3712-4D8C-919E-8D7CEFE1E019}
	EndGlobalSection
EndGlobal
